Microsoft Visual Studio Solution File, Format Version 12.00
# Visual Studio 16
Project("{8BC9CEB8-8B4A-11D0-8D11-00A0C91BC942}") = "ALL_BUILD", "ALL_BUILD.vcxproj", "{296AFA5E-1993-3F45-98C7-444DEA172EF8}"
	ProjectSection(ProjectDependencies) = postProject
		{8A5F06C5-1792-3EEF-AA07-67B0F87277E2} = {8A5F06C5-1792-3EEF-AA07-67B0F87277E2}
		{647C63F8-3F8E-3A32-B70C-F2FA2FEA32ED} = {647C63F8-3F8E-3A32-B70C-F2FA2FEA32ED}
		{B82712F8-68F2-34FE-9168-00732BFE36E9} = {B82712F8-68F2-34FE-9168-00732BFE36E9}
	EndProjectSection
EndProject
Project("{8BC9CEB8-8B4A-11D0-8D11-00A0C91BC942}") = "Continuous", "Continuous.vcxproj", "{8C3286B3-4840-34D5-A7D0-EC64B886210E}"
	ProjectSection(ProjectDependencies) = postProject
		{8A5F06C5-1792-3EEF-AA07-67B0F87277E2} = {8A5F06C5-1792-3EEF-AA07-67B0F87277E2}
	EndProjectSection
EndProject
Project("{8BC9CEB8-8B4A-11D0-8D11-00A0C91BC942}") = "Experimental", "Experimental.vcxproj", "{583CD678-200E-3024-9CC8-33EFCA210B68}"
	ProjectSection(ProjectDependencies) = postProject
		{8A5F06C5-1792-3EEF-AA07-67B0F87277E2} = {8A5F06C5-1792-3EEF-AA07-67B0F87277E2}
	EndProjectSection
EndProject
Project("{8BC9CEB8-8B4A-11D0-8D11-00A0C91BC942}") = "INSTALL", "INSTALL.vcxproj", "{C0140484-DD54-3A21-81CC-06584257F068}"
	ProjectSection(ProjectDependencies) = postProject
		{296AFA5E-1993-3F45-98C7-444DEA172EF8} = {296AFA5E-1993-3F45-98C7-444DEA172EF8}
		{8A5F06C5-1792-3EEF-AA07-67B0F87277E2} = {8A5F06C5-1792-3EEF-AA07-67B0F87277E2}
	EndProjectSection
EndProject
Project("{8BC9CEB8-8B4A-11D0-8D11-00A0C91BC942}") = "Nightly", "Nightly.vcxproj", "{24E4A8FB-D5AD-36D4-9096-B484AE4D343B}"
	ProjectSection(ProjectDependencies) = postProject
		{8A5F06C5-1792-3EEF-AA07-67B0F87277E2} = {8A5F06C5-1792-3EEF-AA07-67B0F87277E2}
	EndProjectSection
EndProject
Project("{8BC9CEB8-8B4A-11D0-8D11-00A0C91BC942}") = "NightlyMemoryCheck", "NightlyMemoryCheck.vcxproj", "{41633E77-42BF-34FA-8DA3-FECFBE4E1253}"
	ProjectSection(ProjectDependencies) = postProject
		{8A5F06C5-1792-3EEF-AA07-67B0F87277E2} = {8A5F06C5-1792-3EEF-AA07-67B0F87277E2}
	EndProjectSection
EndProject
Project("{8BC9CEB8-8B4A-11D0-8D11-00A0C91BC942}") = "RUN_TESTS", "RUN_TESTS.vcxproj", "{622898AF-709A-355C-B86E-3A96424D9F46}"
	ProjectSection(ProjectDependencies) = postProject
		{8A5F06C5-1792-3EEF-AA07-67B0F87277E2} = {8A5F06C5-1792-3EEF-AA07-67B0F87277E2}
	EndProjectSection
EndProject
Project("{8BC9CEB8-8B4A-11D0-8D11-00A0C91BC942}") = "ZERO_CHECK", "ZERO_CHECK.vcxproj", "{8A5F06C5-1792-3EEF-AA07-67B0F87277E2}"
	ProjectSection(ProjectDependencies) = postProject
	EndProjectSection
EndProject
Project("{8BC9CEB8-8B4A-11D0-8D11-00A0C91BC942}") = "tinyxml2", "tinyxml2.vcxproj", "{647C63F8-3F8E-3A32-B70C-F2FA2FEA32ED}"
	ProjectSection(ProjectDependencies) = postProject
		{8A5F06C5-1792-3EEF-AA07-67B0F87277E2} = {8A5F06C5-1792-3EEF-AA07-67B0F87277E2}
	EndProjectSection
EndProject
Project("{8BC9CEB8-8B4A-11D0-8D11-00A0C91BC942}") = "uninstall", "uninstall.vcxproj", "{7D8F0F28-0F09-3560-B05E-DAD72AF7DFE0}"
	ProjectSection(ProjectDependencies) = postProject
		{8A5F06C5-1792-3EEF-AA07-67B0F87277E2} = {8A5F06C5-1792-3EEF-AA07-67B0F87277E2}
	EndProjectSection
EndProject
Project("{8BC9CEB8-8B4A-11D0-8D11-00A0C91BC942}") = "xmltest", "xmltest.vcxproj", "{B82712F8-68F2-34FE-9168-00732BFE36E9}"
	ProjectSection(ProjectDependencies) = postProject
		{8A5F06C5-1792-3EEF-AA07-67B0F87277E2} = {8A5F06C5-1792-3EEF-AA07-67B0F87277E2}
		{647C63F8-3F8E-3A32-B70C-F2FA2FEA32ED} = {647C63F8-3F8E-3A32-B70C-F2FA2FEA32ED}
	EndProjectSection
EndProject
Global
	GlobalSection(SolutionConfigurationPlatforms) = preSolution
		Debug|x64 = Debug|x64
		Release|x64 = Release|x64
		MinSizeRel|x64 = MinSizeRel|x64
		RelWithDebInfo|x64 = RelWithDebInfo|x64
	EndGlobalSection
	GlobalSection(ProjectConfigurationPlatforms) = postSolution
		{296AFA5E-1993-3F45-98C7-444DEA172EF8}.Debug|x64.ActiveCfg = Debug|x64
		{296AFA5E-1993-3F45-98C7-444DEA172EF8}.Debug|x64.Build.0 = Debug|x64
		{296AFA5E-1993-3F45-98C7-444DEA172EF8}.Release|x64.ActiveCfg = Release|x64
		{296AFA5E-1993-3F45-98C7-444DEA172EF8}.Release|x64.Build.0 = Release|x64
		{296AFA5E-1993-3F45-98C7-444DEA172EF8}.MinSizeRel|x64.ActiveCfg = MinSizeRel|x64
		{296AFA5E-1993-3F45-98C7-444DEA172EF8}.MinSizeRel|x64.Build.0 = MinSizeRel|x64
		{296AFA5E-1993-3F45-98C7-444DEA172EF8}.RelWithDebInfo|x64.ActiveCfg = RelWithDebInfo|x64
		{296AFA5E-1993-3F45-98C7-444DEA172EF8}.RelWithDebInfo|x64.Build.0 = RelWithDebInfo|x64
		{8C3286B3-4840-34D5-A7D0-EC64B886210E}.Debug|x64.ActiveCfg = Debug|x64
		{8C3286B3-4840-34D5-A7D0-EC64B886210E}.Release|x64.ActiveCfg = Release|x64
		{8C3286B3-4840-34D5-A7D0-EC64B886210E}.MinSizeRel|x64.ActiveCfg = MinSizeRel|x64
		{8C3286B3-4840-34D5-A7D0-EC64B886210E}.RelWithDebInfo|x64.ActiveCfg = RelWithDebInfo|x64
		{583CD678-200E-3024-9CC8-33EFCA210B68}.Debug|x64.ActiveCfg = Debug|x64
		{583CD678-200E-3024-9CC8-33EFCA210B68}.Release|x64.ActiveCfg = Release|x64
		{583CD678-200E-3024-9CC8-33EFCA210B68}.MinSizeRel|x64.ActiveCfg = MinSizeRel|x64
		{583CD678-200E-3024-9CC8-33EFCA210B68}.RelWithDebInfo|x64.ActiveCfg = RelWithDebInfo|x64
		{C0140484-DD54-3A21-81CC-06584257F068}.Debug|x64.ActiveCfg = Debug|x64
		{C0140484-DD54-3A21-81CC-06584257F068}.Release|x64.ActiveCfg = Release|x64
		{C0140484-DD54-3A21-81CC-06584257F068}.MinSizeRel|x64.ActiveCfg = MinSizeRel|x64
		{C0140484-DD54-3A21-81CC-06584257F068}.RelWithDebInfo|x64.ActiveCfg = RelWithDebInfo|x64
		{24E4A8FB-D5AD-36D4-9096-B484AE4D343B}.Debug|x64.ActiveCfg = Debug|x64
		{24E4A8FB-D5AD-36D4-9096-B484AE4D343B}.Release|x64.ActiveCfg = Release|x64
		{24E4A8FB-D5AD-36D4-9096-B484AE4D343B}.MinSizeRel|x64.ActiveCfg = MinSizeRel|x64
		{24E4A8FB-D5AD-36D4-9096-B484AE4D343B}.RelWithDebInfo|x64.ActiveCfg = RelWithDebInfo|x64
		{41633E77-42BF-34FA-8DA3-FECFBE4E1253}.Debug|x64.ActiveCfg = Debug|x64
		{41633E77-42BF-34FA-8DA3-FECFBE4E1253}.Release|x64.ActiveCfg = Release|x64
		{41633E77-42BF-34FA-8DA3-FECFBE4E1253}.MinSizeRel|x64.ActiveCfg = MinSizeRel|x64
		{41633E77-42BF-34FA-8DA3-FECFBE4E1253}.RelWithDebInfo|x64.ActiveCfg = RelWithDebInfo|x64
		{622898AF-709A-355C-B86E-3A96424D9F46}.Debug|x64.ActiveCfg = Debug|x64
		{622898AF-709A-355C-B86E-3A96424D9F46}.Release|x64.ActiveCfg = Release|x64
		{622898AF-709A-355C-B86E-3A96424D9F46}.MinSizeRel|x64.ActiveCfg = MinSizeRel|x64
		{622898AF-709A-355C-B86E-3A96424D9F46}.RelWithDebInfo|x64.ActiveCfg = RelWithDebInfo|x64
		{8A5F06C5-1792-3EEF-AA07-67B0F87277E2}.Debug|x64.ActiveCfg = Debug|x64
		{8A5F06C5-1792-3EEF-AA07-67B0F87277E2}.Debug|x64.Build.0 = Debug|x64
		{8A5F06C5-1792-3EEF-AA07-67B0F87277E2}.Release|x64.ActiveCfg = Release|x64
		{8A5F06C5-1792-3EEF-AA07-67B0F87277E2}.Release|x64.Build.0 = Release|x64
		{8A5F06C5-1792-3EEF-AA07-67B0F87277E2}.MinSizeRel|x64.ActiveCfg = MinSizeRel|x64
		{8A5F06C5-1792-3EEF-AA07-67B0F87277E2}.MinSizeRel|x64.Build.0 = MinSizeRel|x64
		{8A5F06C5-1792-3EEF-AA07-67B0F87277E2}.RelWithDebInfo|x64.ActiveCfg = RelWithDebInfo|x64
		{8A5F06C5-1792-3EEF-AA07-67B0F87277E2}.RelWithDebInfo|x64.Build.0 = RelWithDebInfo|x64
		{647C63F8-3F8E-3A32-B70C-F2FA2FEA32ED}.Debug|x64.ActiveCfg = Debug|x64
		{647C63F8-3F8E-3A32-B70C-F2FA2FEA32ED}.Debug|x64.Build.0 = Debug|x64
		{647C63F8-3F8E-3A32-B70C-F2FA2FEA32ED}.Release|x64.ActiveCfg = Release|x64
		{647C63F8-3F8E-3A32-B70C-F2FA2FEA32ED}.Release|x64.Build.0 = Release|x64
		{647C63F8-3F8E-3A32-B70C-F2FA2FEA32ED}.MinSizeRel|x64.ActiveCfg = MinSizeRel|x64
		{647C63F8-3F8E-3A32-B70C-F2FA2FEA32ED}.MinSizeRel|x64.Build.0 = MinSizeRel|x64
		{647C63F8-3F8E-3A32-B70C-F2FA2FEA32ED}.RelWithDebInfo|x64.ActiveCfg = RelWithDebInfo|x64
		{647C63F8-3F8E-3A32-B70C-F2FA2FEA32ED}.RelWithDebInfo|x64.Build.0 = RelWithDebInfo|x64
		{7D8F0F28-0F09-3560-B05E-DAD72AF7DFE0}.Debug|x64.ActiveCfg = Debug|x64
		{7D8F0F28-0F09-3560-B05E-DAD72AF7DFE0}.Release|x64.ActiveCfg = Release|x64
		{7D8F0F28-0F09-3560-B05E-DAD72AF7DFE0}.MinSizeRel|x64.ActiveCfg = MinSizeRel|x64
		{7D8F0F28-0F09-3560-B05E-DAD72AF7DFE0}.RelWithDebInfo|x64.ActiveCfg = RelWithDebInfo|x64
		{B82712F8-68F2-34FE-9168-00732BFE36E9}.Debug|x64.ActiveCfg = Debug|x64
		{B82712F8-68F2-34FE-9168-00732BFE36E9}.Debug|x64.Build.0 = Debug|x64
		{B82712F8-68F2-34FE-9168-00732BFE36E9}.Release|x64.ActiveCfg = Release|x64
		{B82712F8-68F2-34FE-9168-00732BFE36E9}.Release|x64.Build.0 = Release|x64
		{B82712F8-68F2-34FE-9168-00732BFE36E9}.MinSizeRel|x64.ActiveCfg = MinSizeRel|x64
		{B82712F8-68F2-34FE-9168-00732BFE36E9}.MinSizeRel|x64.Build.0 = MinSizeRel|x64
		{B82712F8-68F2-34FE-9168-00732BFE36E9}.RelWithDebInfo|x64.ActiveCfg = RelWithDebInfo|x64
		{B82712F8-68F2-34FE-9168-00732BFE36E9}.RelWithDebInfo|x64.Build.0 = RelWithDebInfo|x64
	EndGlobalSection
	GlobalSection(ExtensibilityGlobals) = postSolution
		SolutionGuid = {106A9139-D738-3FE8-8B63-6B0EF80E1DFE}
	EndGlobalSection
	GlobalSection(ExtensibilityAddIns) = postSolution
	EndGlobalSection
EndGlobal
