<?xml version="1.0" encoding="utf-8"?>
<Project ToolsVersion="16.0" xmlns="http://schemas.microsoft.com/developer/msbuild/2003">
  <ItemGroup>
    <ClCompile Include="D:\School\Programs\ETGG 3802_01 Realtime Interactive Prog 2\tinyxml2\xmltest.cpp">
      <Filter>Source Files</Filter>
    </ClCompile>
  </ItemGroup>
  <ItemGroup>
    <CustomBuild Include="D:\School\Programs\ETGG 3802_01 Realtime Interactive Prog 2\tinyxml2\CMakeLists.txt" />
  </ItemGroup>
  <ItemGroup>
    <Filter Include="Source Files">
      <UniqueIdentifier>{C1FD836C-51FC-36C9-B797-EDA9910E847D}</UniqueIdentifier>
    </Filter>
  </ItemGroup>
</Project>
