<?xml version="1.0" encoding="utf-8"?>
<Project ToolsVersion="16.0" xmlns="http://schemas.microsoft.com/developer/msbuild/2003">
  <ItemGroup>
    <CustomBuild Include="D:\School\Programs\ETGG 3802_01 Realtime Interactive Prog 2\tinyxml2\built\CMakeFiles\16397588c9275e2f7311824bead2e7d8\generate.stamp.rule">
      <Filter>CMake Rules</Filter>
    </CustomBuild>
  </ItemGroup>
  <ItemGroup>
    <Filter Include="CMake Rules">
      <UniqueIdentifier>{3FFFA27A-241E-3EF9-8CB8-2232C5851BC3}</UniqueIdentifier>
    </Filter>
  </ItemGroup>
</Project>
